
Microsoft Visual Studio Solution File, Format Version 12.00
# Visual Studio Version 17
VisualStudioVersion = 17.5.33530.505
MinimumVisualStudioVersion = 10.0.40219.1
Project("{FAE04EC0-301F-11D3-BF4B-00C04F79EFBC}") = "Appointment Scheduler", "Appointment Scheduler.csproj", "{663E45F6-9823-41CD-A23C-1D5FBF766FEC}"
EndProject
Global
	GlobalSection(SolutionConfigurationPlatforms) = preSolution
		Debug|Any CPU = Debug|Any CPU
		Release|Any CPU = Release|Any CPU
	EndGlobalSection
	GlobalSection(ProjectConfigurationPlatforms) = postSolution
		{663E45F6-9823-41CD-A23C-1D5FBF766FEC}.Debug|Any CPU.ActiveCfg = Debug|Any CPU
		{663E45F6-9823-41CD-A23C-1D5FBF766FEC}.Debug|Any CPU.Build.0 = Debug|Any CPU
		{663E45F6-9823-41CD-A23C-1D5FBF766FEC}.Release|Any CPU.ActiveCfg = Release|Any CPU
		{663E45F6-9823-41CD-A23C-1D5FBF766FEC}.Release|Any CPU.Build.0 = Release|Any CPU
	EndGlobalSection
	GlobalSection(SolutionProperties) = preSolution
		HideSolutionNode = FALSE
	EndGlobalSection
	GlobalSection(ExtensibilityGlobals) = postSolution
		SolutionGuid = {D3561ED0-1099-4D45-8500-EE616CB52F72}
	EndGlobalSection
EndGlobal
